{
  "name": "lionrock-sample",
  "version": "1.0.0",
  "lockfileVersion": 3,
  "requires": true,
  "packages": {
    "": {
      "name": "lionrock-sample",
      "version": "1.0.0",
      "license": "ISC",
      "dependencies": {
        "@lionrockjs/central": "^0.0.55",
        "@lionrockjs/mvc": "^0.0.13",
        "@lionrockjs/platform-web-node-http": "^0.0.9",
        "@lionrockjs/router": "^0.0.2",
        "dotenv": "^17.2.3"
      },
      "devDependencies": {
        "serve-static": "^2.2.1"
      }
    },
    "node_modules/@lionrockjs/central": {
      "version": "0.0.55",
      "resolved": "https://registry.npmjs.org/@lionrockjs/central/-/central-0.0.55.tgz",
      "integrity": "sha512-ilG4YiIFn53NYG5vTl+G07vXp0nl8G9GNmdoFhR6JJtXxZCW+EGpyKUtLxd6+6A9ssYtr45n1tjCRzKHMx8KMA==",
      "license": "MIT",
      "dependencies": {
        "mime": "^4.0.6"
      }
    },
    "node_modules/@lionrockjs/mvc": {
      "version": "0.0.13",
      "resolved": "https://registry.npmjs.org/@lionrockjs/mvc/-/mvc-0.0.13.tgz",
      "integrity": "sha512-q2GsBIscAW1Mo6cuPT4d0d9hMG4LBHCXdaTQkiy7IdmmUI+5qYXfgrXBeFAIqEZtGvEoTMfRxzUl3RzvdOn1lw==",
      "license": "MIT"
    },
    "node_modules/@lionrockjs/platform-web-node-http": {
      "version": "0.0.9",
      "resolved": "https://registry.npmjs.org/@lionrockjs/platform-web-node-http/-/platform-web-node-http-0.0.9.tgz",
      "integrity": "sha512-YVYnSkjH8JDgLg2XQBW37gDLcRAHuoz4d1wt6pM9dmfADfNo/uIDnmufWJTHzKNBsxBA4kmFQqvV4aKYUaWlGw==",
      "license": "MIT",
      "dependencies": {
        "cookie": "^0.7.1",
        "find-my-way": "^9.1.0"
      }
    },
    "node_modules/@lionrockjs/router": {
      "version": "0.0.2",
      "resolved": "https://registry.npmjs.org/@lionrockjs/router/-/router-0.0.2.tgz",
      "integrity": "sha512-Hw3oczuYUjeHp+gJ7yWvkLOMzxqHe8r69pVugNQSu0Arc3vOaF2elZb7jPD3v6UrHAp8Sw61+OkVv+2dxhyapA==",
      "license": "MIT"
    },
    "node_modules/cookie": {
      "version": "0.7.2",
      "resolved": "https://registry.npmjs.org/cookie/-/cookie-0.7.2.tgz",
      "integrity": "sha512-yki5XnKuf750l50uGTllt6kKILY4nQ1eNIQatoXEByZ5dWgnKqbnqmTrBE5B4N7lrMJKQ2ytWMiTO2o0v6Ew/w==",
      "license": "MIT",
      "engines": {
        "node": ">= 0.6"
      }
    },
    "node_modules/debug": {
      "version": "4.4.3",
      "resolved": "https://registry.npmjs.org/debug/-/debug-4.4.3.tgz",
      "integrity": "sha512-RGwwWnwQvkVfavKVt22FGLw+xYSdzARwm0ru6DhTVA3umU5hZc28V3kO4stgYryrTlLpuvgI9GiijltAjNbcqA==",
      "dev": true,
      "license": "MIT",
      "dependencies": {
        "ms": "^2.1.3"
      },
      "engines": {
        "node": ">=6.0"
      },
      "peerDependenciesMeta": {
        "supports-color": {
          "optional": true
        }
      }
    },
    "node_modules/depd": {
      "version": "2.0.0",
      "resolved": "https://registry.npmjs.org/depd/-/depd-2.0.0.tgz",
      "integrity": "sha512-g7nH6P6dyDioJogAAGprGpCtVImJhpPk/roCzdb3fIh61/s/nPsfR6onyMwkCAR/OlC3yBC0lESvUoQEAssIrw==",
      "dev": true,
      "license": "MIT",
      "engines": {
        "node": ">= 0.8"
      }
    },
    "node_modules/dotenv": {
      "version": "17.2.3",
      "resolved": "https://registry.npmjs.org/dotenv/-/dotenv-17.2.3.tgz",
      "integrity": "sha512-JVUnt+DUIzu87TABbhPmNfVdBDt18BLOWjMUFJMSi/Qqg7NTYtabbvSNJGOJ7afbRuv9D/lngizHtP7QyLQ+9w==",
      "license": "BSD-2-Clause",
      "engines": {
        "node": ">=12"
      },
      "funding": {
        "url": "https://dotenvx.com"
      }
    },
    "node_modules/ee-first": {
      "version": "1.1.1",
      "resolved": "https://registry.npmjs.org/ee-first/-/ee-first-1.1.1.tgz",
      "integrity": "sha512-WMwm9LhRUo+WUaRN+vRuETqG89IgZphVSNkdFgeb6sS/E4OrDIN7t48CAewSHXc6C8lefD8KKfr5vY61brQlow==",
      "dev": true,
      "license": "MIT"
    },
    "node_modules/encodeurl": {
      "version": "2.0.0",
      "resolved": "https://registry.npmjs.org/encodeurl/-/encodeurl-2.0.0.tgz",
      "integrity": "sha512-Q0n9HRi4m6JuGIV1eFlmvJB7ZEVxu93IrMyiMsGC0lrMJMWzRgx6WGquyfQgZVb31vhGgXnfmPNNXmxnOkRBrg==",
      "dev": true,
      "license": "MIT",
      "engines": {
        "node": ">= 0.8"
      }
    },
    "node_modules/escape-html": {
      "version": "1.0.3",
      "resolved": "https://registry.npmjs.org/escape-html/-/escape-html-1.0.3.tgz",
      "integrity": "sha512-NiSupZ4OeuGwr68lGIeym/ksIZMJodUGOSCZ/FSnTxcrekbvqrgdUxlJOMpijaKZVjAJrWrGs/6Jy8OMuyj9ow==",
      "dev": true,
      "license": "MIT"
    },
    "node_modules/etag": {
      "version": "1.8.1",
      "resolved": "https://registry.npmjs.org/etag/-/etag-1.8.1.tgz",
      "integrity": "sha512-aIL5Fx7mawVa300al2BnEE4iNvo1qETxLrPI/o05L7z6go7fCw1J6EQmbK4FmJ2AS7kgVF/KEZWufBfdClMcPg==",
      "dev": true,
      "license": "MIT",
      "engines": {
        "node": ">= 0.6"
      }
    },
    "node_modules/fast-decode-uri-component": {
      "version": "1.0.1",
      "resolved": "https://registry.npmjs.org/fast-decode-uri-component/-/fast-decode-uri-component-1.0.1.tgz",
      "integrity": "sha512-WKgKWg5eUxvRZGwW8FvfbaH7AXSh2cL+3j5fMGzUMCxWBJ3dV3a7Wz8y2f/uQ0e3B6WmodD3oS54jTQ9HVTIIg==",
      "license": "MIT"
    },
    "node_modules/fast-deep-equal": {
      "version": "3.1.3",
      "resolved": "https://registry.npmjs.org/fast-deep-equal/-/fast-deep-equal-3.1.3.tgz",
      "integrity": "sha512-f3qQ9oQy9j2AhBe/H9VC91wLmKBCCU/gDOnKNAYG5hswO7BLKj09Hc5HYNz9cGI++xlpDCIgDaitVs03ATR84Q==",
      "license": "MIT"
    },
    "node_modules/fast-querystring": {
      "version": "1.1.2",
      "resolved": "https://registry.npmjs.org/fast-querystring/-/fast-querystring-1.1.2.tgz",
      "integrity": "sha512-g6KuKWmFXc0fID8WWH0jit4g0AGBoJhCkJMb1RmbsSEUNvQ+ZC8D6CUZ+GtF8nMzSPXnhiePyyqqipzNNEnHjg==",
      "license": "MIT",
      "dependencies": {
        "fast-decode-uri-component": "^1.0.1"
      }
    },
    "node_modules/find-my-way": {
      "version": "9.3.0",
      "resolved": "https://registry.npmjs.org/find-my-way/-/find-my-way-9.3.0.tgz",
      "integrity": "sha512-eRoFWQw+Yv2tuYlK2pjFS2jGXSxSppAs3hSQjfxVKxM5amECzIgYYc1FEI8ZmhSh/Ig+FrKEz43NLRKJjYCZVg==",
      "license": "MIT",
      "dependencies": {
        "fast-deep-equal": "^3.1.3",
        "fast-querystring": "^1.0.0",
        "safe-regex2": "^5.0.0"
      },
      "engines": {
        "node": ">=20"
      }
    },
    "node_modules/fresh": {
      "version": "2.0.0",
      "resolved": "https://registry.npmjs.org/fresh/-/fresh-2.0.0.tgz",
      "integrity": "sha512-Rx/WycZ60HOaqLKAi6cHRKKI7zxWbJ31MhntmtwMoaTeF7XFH9hhBp8vITaMidfljRQ6eYWCKkaTK+ykVJHP2A==",
      "dev": true,
      "license": "MIT",
      "engines": {
        "node": ">= 0.8"
      }
    },
    "node_modules/http-errors": {
      "version": "2.0.1",
      "resolved": "https://registry.npmjs.org/http-errors/-/http-errors-2.0.1.tgz",
      "integrity": "sha512-4FbRdAX+bSdmo4AUFuS0WNiPz8NgFt+r8ThgNWmlrjQjt1Q7ZR9+zTlce2859x4KSXrwIsaeTqDoKQmtP8pLmQ==",
      "dev": true,
      "license": "MIT",
      "dependencies": {
        "depd": "~2.0.0",
        "inherits": "~2.0.4",
        "setprototypeof": "~1.2.0",
        "statuses": "~2.0.2",
        "toidentifier": "~1.0.1"
      },
      "engines": {
        "node": ">= 0.8"
      },
      "funding": {
        "type": "opencollective",
        "url": "https://opencollective.com/express"
      }
    },
    "node_modules/inherits": {
      "version": "2.0.4",
      "resolved": "https://registry.npmjs.org/inherits/-/inherits-2.0.4.tgz",
      "integrity": "sha512-k/vGaX4/Yla3WzyMCvTQOXYeIHvqOKtnqBduzTHpzpQZzAskKMhZ2K+EnBiSM9zGSoIFeMpXKxa4dYeZIQqewQ==",
      "dev": true,
      "license": "ISC"
    },
    "node_modules/mime": {
      "version": "4.1.0",
      "resolved": "https://registry.npmjs.org/mime/-/mime-4.1.0.tgz",
      "integrity": "sha512-X5ju04+cAzsojXKes0B/S4tcYtFAJ6tTMuSPBEn9CPGlrWr8Fiw7qYeLT0XyH80HSoAoqWCaz+MWKh22P7G1cw==",
      "funding": [
        "https://github.com/sponsors/broofa"
      ],
      "license": "MIT",
      "bin": {
        "mime": "bin/cli.js"
      },
      "engines": {
        "node": ">=16"
      }
    },
    "node_modules/mime-db": {
      "version": "1.54.0",
      "resolved": "https://registry.npmjs.org/mime-db/-/mime-db-1.54.0.tgz",
      "integrity": "sha512-aU5EJuIN2WDemCcAp2vFBfp/m4EAhWJnUNSSw0ixs7/kXbd6Pg64EmwJkNdFhB8aWt1sH2CTXrLxo/iAGV3oPQ==",
      "dev": true,
      "license": "MIT",
      "engines": {
        "node": ">= 0.6"
      }
    },
    "node_modules/mime-types": {
      "version": "3.0.2",
      "resolved": "https://registry.npmjs.org/mime-types/-/mime-types-3.0.2.tgz",
      "integrity": "sha512-Lbgzdk0h4juoQ9fCKXW4by0UJqj+nOOrI9MJ1sSj4nI8aI2eo1qmvQEie4VD1glsS250n15LsWsYtCugiStS5A==",
      "dev": true,
      "license": "MIT",
      "dependencies": {
        "mime-db": "^1.54.0"
      },
      "engines": {
        "node": ">=18"
      },
      "funding": {
        "type": "opencollective",
        "url": "https://opencollective.com/express"
      }
    },
    "node_modules/ms": {
      "version": "2.1.3",
      "resolved": "https://registry.npmjs.org/ms/-/ms-2.1.3.tgz",
      "integrity": "sha512-6FlzubTLZG3J2a/NVCAleEhjzq5oxgHyaCU9yYXvcLsvoVaHJq/s5xXI6/XXP6tz7R9xAOtHnSO/tXtF3WRTlA==",
      "dev": true,
      "license": "MIT"
    },
    "node_modules/on-finished": {
      "version": "2.4.1",
      "resolved": "https://registry.npmjs.org/on-finished/-/on-finished-2.4.1.tgz",
      "integrity": "sha512-oVlzkg3ENAhCk2zdv7IJwd/QUD4z2RxRwpkcGY8psCVcCYZNq4wYnVWALHM+brtuJjePWiYF/ClmuDr8Ch5+kg==",
      "dev": true,
      "license": "MIT",
      "dependencies": {
        "ee-first": "1.1.1"
      },
      "engines": {
        "node": ">= 0.8"
      }
    },
    "node_modules/parseurl": {
      "version": "1.3.3",
      "resolved": "https://registry.npmjs.org/parseurl/-/parseurl-1.3.3.tgz",
      "integrity": "sha512-CiyeOxFT/JZyN5m0z9PfXw4SCBJ6Sygz1Dpl0wqjlhDEGGBP1GnsUVEL0p63hoG1fcj3fHynXi9NYO4nWOL+qQ==",
      "dev": true,
      "license": "MIT",
      "engines": {
        "node": ">= 0.8"
      }
    },
    "node_modules/range-parser": {
      "version": "1.2.1",
      "resolved": "https://registry.npmjs.org/range-parser/-/range-parser-1.2.1.tgz",
      "integrity": "sha512-Hrgsx+orqoygnmhFbKaHE6c296J+HTAQXoxEF6gNupROmmGJRoyzfG3ccAveqCBrwr/2yxQ5BVd/GTl5agOwSg==",
      "dev": true,
      "license": "MIT",
      "engines": {
        "node": ">= 0.6"
      }
    },
    "node_modules/ret": {
      "version": "0.5.0",
      "resolved": "https://registry.npmjs.org/ret/-/ret-0.5.0.tgz",
      "integrity": "sha512-I1XxrZSQ+oErkRR4jYbAyEEu2I0avBvvMM5JN+6EBprOGRCs63ENqZ3vjavq8fBw2+62G5LF5XelKwuJpcvcxw==",
      "license": "MIT",
      "engines": {
        "node": ">=10"
      }
    },
    "node_modules/safe-regex2": {
      "version": "5.0.0",
      "resolved": "https://registry.npmjs.org/safe-regex2/-/safe-regex2-5.0.0.tgz",
      "integrity": "sha512-YwJwe5a51WlK7KbOJREPdjNrpViQBI3p4T50lfwPuDhZnE3XGVTlGvi+aolc5+RvxDD6bnUmjVsU9n1eboLUYw==",
      "funding": [
        {
          "type": "github",
          "url": "https://github.com/sponsors/fastify"
        },
        {
          "type": "opencollective",
          "url": "https://opencollective.com/fastify"
        }
      ],
      "license": "MIT",
      "dependencies": {
        "ret": "~0.5.0"
      }
    },
    "node_modules/send": {
      "version": "1.2.1",
      "resolved": "https://registry.npmjs.org/send/-/send-1.2.1.tgz",
      "integrity": "sha512-1gnZf7DFcoIcajTjTwjwuDjzuz4PPcY2StKPlsGAQ1+YH20IRVrBaXSWmdjowTJ6u8Rc01PoYOGHXfP1mYcZNQ==",
      "dev": true,
      "license": "MIT",
      "dependencies": {
        "debug": "^4.4.3",
        "encodeurl": "^2.0.0",
        "escape-html": "^1.0.3",
        "etag": "^1.8.1",
        "fresh": "^2.0.0",
        "http-errors": "^2.0.1",
        "mime-types": "^3.0.2",
        "ms": "^2.1.3",
        "on-finished": "^2.4.1",
        "range-parser": "^1.2.1",
        "statuses": "^2.0.2"
      },
      "engines": {
        "node": ">= 18"
      },
      "funding": {
        "type": "opencollective",
        "url": "https://opencollective.com/express"
      }
    },
    "node_modules/serve-static": {
      "version": "2.2.1",
      "resolved": "https://registry.npmjs.org/serve-static/-/serve-static-2.2.1.tgz",
      "integrity": "sha512-xRXBn0pPqQTVQiC8wyQrKs2MOlX24zQ0POGaj0kultvoOCstBQM5yvOhAVSUwOMjQtTvsPWoNCHfPGwaaQJhTw==",
      "dev": true,
      "license": "MIT",
      "dependencies": {
        "encodeurl": "^2.0.0",
        "escape-html": "^1.0.3",
        "parseurl": "^1.3.3",
        "send": "^1.2.0"
      },
      "engines": {
        "node": ">= 18"
      },
      "funding": {
        "type": "opencollective",
        "url": "https://opencollective.com/express"
      }
    },
    "node_modules/setprototypeof": {
      "version": "1.2.0",
      "resolved": "https://registry.npmjs.org/setprototypeof/-/setprototypeof-1.2.0.tgz",
      "integrity": "sha512-E5LDX7Wrp85Kil5bhZv46j8jOeboKq5JMmYM3gVGdGH8xFpPWXUMsNrlODCrkoxMEeNi/XZIwuRvY4XNwYMJpw==",
      "dev": true,
      "license": "ISC"
    },
    "node_modules/statuses": {
      "version": "2.0.2",
      "resolved": "https://registry.npmjs.org/statuses/-/statuses-2.0.2.tgz",
      "integrity": "sha512-DvEy55V3DB7uknRo+4iOGT5fP1slR8wQohVdknigZPMpMstaKJQWhwiYBACJE3Ul2pTnATihhBYnRhZQHGBiRw==",
      "dev": true,
      "license": "MIT",
      "engines": {
        "node": ">= 0.8"
      }
    },
    "node_modules/toidentifier": {
      "version": "1.0.1",
      "resolved": "https://registry.npmjs.org/toidentifier/-/toidentifier-1.0.1.tgz",
      "integrity": "sha512-o5sSPKEkg/DIQNmH43V0/uerLrpzVedkUh8tGNvaeXpfpuwjKenlSox/2O/BTlZUtEe+JG7s5YhEz608PlAHRA==",
      "dev": true,
      "license": "MIT",
      "engines": {
        "node": ">=0.6"
      }
    }
  }
}
